{
  "name": "builtin-pages-lib",
  "version": "1.0.0",
  "lockfileVersion": 1,
  "requires": true,
  "dependencies": {
    "bel": {
      "version": "4.6.0",
      "resolved": "https://registry.npmjs.org/bel/-/bel-4.6.0.tgz",
      "integrity": "sha1-Ot4W4jarIgTY0cZurEvVc3k6yZk=",
      "requires": {
        "global": "4.3.2",
        "hyperx": "2.3.0",
        "on-load": "3.2.0"
      }
    },
    "co": {
      "version": "4.6.0",
      "resolved": "https://registry.npmjs.org/co/-/co-4.6.0.tgz",
      "integrity": "sha1-bqa989hTrlTMuOR7+gvz+QMfsYQ="
    },
    "dom-walk": {
      "version": "0.1.1",
      "resolved": "https://registry.npmjs.org/dom-walk/-/dom-walk-0.1.1.tgz",
      "integrity": "sha1-ZyIm3HTI95mtNTB9+TaroRrNYBg="
    },
    "emit-stream": {
      "version": "0.1.2",
      "resolved": "https://registry.npmjs.org/emit-stream/-/emit-stream-0.1.2.tgz",
      "integrity": "sha1-DiBVCKDQ1tM0YHhC98R2nb+/Fug=",
      "requires": {
        "through": "2.3.8"
      }
    },
    "global": {
      "version": "4.3.2",
      "resolved": "https://registry.npmjs.org/global/-/global-4.3.2.tgz",
      "integrity": "sha1-52mJJopsdMOJCLEwWxD8DjlOnQ8=",
      "requires": {
        "min-document": "2.19.0",
        "process": "0.5.2"
      }
    },
    "hyperscript-attribute-to-property": {
      "version": "1.0.0",
      "resolved": "https://registry.npmjs.org/hyperscript-attribute-to-property/-/hyperscript-attribute-to-property-1.0.0.tgz",
      "integrity": "sha1-glMI1Ju44pV5I/cxmBvMgRytev8="
    },
    "hyperx": {
      "version": "2.3.0",
      "resolved": "https://registry.npmjs.org/hyperx/-/hyperx-2.3.0.tgz",
      "integrity": "sha1-cPRz1m1K1VDd0cg+S+JlEna78eI=",
      "requires": {
        "hyperscript-attribute-to-property": "1.0.0"
      }
    },
    "min-document": {
      "version": "2.19.0",
      "resolved": "https://registry.npmjs.org/min-document/-/min-document-2.19.0.tgz",
      "integrity": "sha1-e9KC4/WELtKVu3SM3Z8f+iyCRoU=",
      "requires": {
        "dom-walk": "0.1.1"
      }
    },
    "morphdom": {
      "version": "2.3.3",
      "resolved": "https://registry.npmjs.org/morphdom/-/morphdom-2.3.3.tgz",
      "integrity": "sha512-z+/GEulEfhrSFPOJSum8o5lZNv63cAGBPeFHO2WgpGo636Ln67ZuVydp2q0iTaZIXdf5FDNP2ZY6uhtg+LjlsA=="
    },
    "on-load": {
      "version": "3.2.0",
      "resolved": "https://registry.npmjs.org/on-load/-/on-load-3.2.0.tgz",
      "integrity": "sha1-3TFF06XC+qVmaSDR32dLafDC9m8=",
      "requires": {
        "global": "4.3.2"
      }
    },
    "process": {
      "version": "0.5.2",
      "resolved": "https://registry.npmjs.org/process/-/process-0.5.2.tgz",
      "integrity": "sha1-FjjYqONML0QKkduVq5rrZ3/Bhc8="
    },
    "speedometer": {
      "version": "1.0.0",
      "resolved": "https://registry.npmjs.org/speedometer/-/speedometer-1.0.0.tgz",
      "integrity": "sha1-zWccsGdSwivKM3Di8zREC+T8YuI="
    },
    "through": {
      "version": "2.3.8",
      "resolved": "https://registry.npmjs.org/through/-/through-2.3.8.tgz",
      "integrity": "sha1-DdTJ/6q8NXlgsbckEV1+Doai4fU="
    },
    "yo-yo": {
      "version": "1.4.1",
      "resolved": "https://registry.npmjs.org/yo-yo/-/yo-yo-1.4.1.tgz",
      "integrity": "sha1-nOSwD9iA5VM7Xn9GqT1o2RStb2Q=",
      "requires": {
        "bel": "4.6.0",
        "morphdom": "2.3.3"
      }
    }
  }
}
