{
  "name": "builtin-pages-lib",
  "version": "1.0.0",
  "lockfileVersion": 1,
  "dependencies": {
    "bel": {
      "version": "https://registry.npmjs.org/bel/-/bel-4.5.1.tgz",
      "integrity": "sha1-/YV0FTWXgK0ZVnC90Cdmqy9x8YI="
    },
    "co": {
      "version": "4.6.0",
      "resolved": "https://registry.npmjs.org/co/-/co-4.6.0.tgz",
      "integrity": "sha1-bqa989hTrlTMuOR7+gvz+QMfsYQ="
    },
    "dom-walk": {
      "version": "https://registry.npmjs.org/dom-walk/-/dom-walk-0.1.1.tgz",
      "integrity": "sha1-ZyIm3HTI95mtNTB9+TaroRrNYBg="
    },
    "emit-stream": {
      "version": "0.1.2",
      "resolved": "https://registry.npmjs.org/emit-stream/-/emit-stream-0.1.2.tgz",
      "integrity": "sha1-DiBVCKDQ1tM0YHhC98R2nb+/Fug="
    },
    "global": {
      "version": "https://registry.npmjs.org/global/-/global-4.3.1.tgz",
      "integrity": "sha1-X3V5CMfLq85U84auRA4R4mt5Ft8="
    },
    "hyperscript-attribute-to-property": {
      "version": "https://registry.npmjs.org/hyperscript-attribute-to-property/-/hyperscript-attribute-to-property-1.0.0.tgz",
      "integrity": "sha1-glMI1Ju44pV5I/cxmBvMgRytev8="
    },
    "hyperx": {
      "version": "https://registry.npmjs.org/hyperx/-/hyperx-2.0.5.tgz",
      "integrity": "sha1-/t74kNcgPzYzmyQ7J9OOOkJCJas="
    },
    "min-document": {
      "version": "https://registry.npmjs.org/min-document/-/min-document-2.19.0.tgz",
      "integrity": "sha1-e9KC4/WELtKVu3SM3Z8f+iyCRoU="
    },
    "morphdom": {
      "version": "https://registry.npmjs.org/morphdom/-/morphdom-2.3.1.tgz",
      "integrity": "sha1-lCR8MWNguSzuSeUpgVNwdj4n2pA="
    },
    "on-load": {
      "version": "https://registry.npmjs.org/on-load/-/on-load-3.2.0.tgz",
      "integrity": "sha1-3TFF06XC+qVmaSDR32dLafDC9m8="
    },
    "process": {
      "version": "https://registry.npmjs.org/process/-/process-0.5.2.tgz",
      "integrity": "sha1-FjjYqONML0QKkduVq5rrZ3/Bhc8="
    },
    "speedometer": {
      "version": "1.0.0",
      "resolved": "https://registry.npmjs.org/speedometer/-/speedometer-1.0.0.tgz",
      "integrity": "sha1-zWccsGdSwivKM3Di8zREC+T8YuI="
    },
    "through": {
      "version": "https://registry.npmjs.org/through/-/through-2.3.8.tgz",
      "integrity": "sha1-DdTJ/6q8NXlgsbckEV1+Doai4fU="
    },
    "yo-yo": {
      "version": "1.4.1",
      "resolved": "https://registry.npmjs.org/yo-yo/-/yo-yo-1.4.1.tgz",
      "integrity": "sha1-nOSwD9iA5VM7Xn9GqT1o2RStb2Q="
    }
  }
}
